// !$*UTF8*$!
{
	archiveVersion = 1;
	classes = {
	};
	objectVersion = 50;
	objects = {

/* Begin PBXBuildFile section */
		E11087932540854C00BF38F0 /* AppDelegate.swift in Sources */ = {isa = PBXBuildFile; fileRef = E11087922540854C00BF38F0 /* AppDelegate.swift */; };
		E11087952540854C00BF38F0 /* SceneDelegate.swift in Sources */ = {isa = PBXBuildFile; fileRef = E11087942540854C00BF38F0 /* SceneDelegate.swift */; };
		E11087972540854C00BF38F0 /* ListItemsViewController.swift in Sources */ = {isa = PBXBuildFile; fileRef = E11087962540854C00BF38F0 /* ListItemsViewController.swift */; };
		E110879D2540854C00BF38F0 /* CyberMarket.xcdatamodeld in Sources */ = {isa = PBXBuildFile; fileRef = E110879B2540854C00BF38F0 /* CyberMarket.xcdatamodeld */; };
		E110879F2540854F00BF38F0 /* Assets.xcassets in Resources */ = {isa = PBXBuildFile; fileRef = E110879E2540854F00BF38F0 /* Assets.xcassets */; };
		E11087A22540854F00BF38F0 /* LaunchScreen.storyboard in Resources */ = {isa = PBXBuildFile; fileRef = E11087A02540854F00BF38F0 /* LaunchScreen.storyboard */; };
		E11087AD2540855000BF38F0 /* CyberMarketTests.swift in Sources */ = {isa = PBXBuildFile; fileRef = E11087AC2540855000BF38F0 /* CyberMarketTests.swift */; };
		E11087B82540855000BF38F0 /* CyberMarketUITests.swift in Sources */ = {isa = PBXBuildFile; fileRef = E11087B72540855000BF38F0 /* CyberMarketUITests.swift */; };
		E11087DB25408BC800BF38F0 /* ListViewModel.swift in Sources */ = {isa = PBXBuildFile; fileRef = E11087DA25408BC800BF38F0 /* ListViewModel.swift */; };
		E11087E425408C7400BF38F0 /* ItemCell.swift in Sources */ = {isa = PBXBuildFile; fileRef = E11087E325408C7400BF38F0 /* ItemCell.swift */; };
		E11087F825408EB200BF38F0 /* Item.swift in Sources */ = {isa = PBXBuildFile; fileRef = E11087F725408EB200BF38F0 /* Item.swift */; };
		E11087FE254092BD00BF38F0 /* Environment.swift in Sources */ = {isa = PBXBuildFile; fileRef = E11087FD254092BD00BF38F0 /* Environment.swift */; };
		E15D04AF25409C44008DC516 /* Extension.swift in Sources */ = {isa = PBXBuildFile; fileRef = E15D04AE25409C44008DC516 /* Extension.swift */; };
		E15D04C42540AAF1008DC516 /* ItemService.swift in Sources */ = {isa = PBXBuildFile; fileRef = E15D04C32540AAF1008DC516 /* ItemService.swift */; };
		E198830D25435B70001F8B55 /* FilterViewController.swift in Sources */ = {isa = PBXBuildFile; fileRef = E198830C25435B70001F8B55 /* FilterViewController.swift */; };
		E198831225435C02001F8B55 /* FilterCoordinator.swift in Sources */ = {isa = PBXBuildFile; fileRef = E198831125435C02001F8B55 /* FilterCoordinator.swift */; };
		E198831725435C84001F8B55 /* FilterViewModel.swift in Sources */ = {isa = PBXBuildFile; fileRef = E198831625435C84001F8B55 /* FilterViewModel.swift */; };
		E1A328F7254375A000178177 /* TagViewCell.swift in Sources */ = {isa = PBXBuildFile; fileRef = E1A328F6254375A000178177 /* TagViewCell.swift */; };
		E1C22FD0254170BF0052AC17 /* NavigationBarButton.swift in Sources */ = {isa = PBXBuildFile; fileRef = E1C22FCF254170BF0052AC17 /* NavigationBarButton.swift */; };
		E1C22FD525417B740052AC17 /* AppConstants.swift in Sources */ = {isa = PBXBuildFile; fileRef = E1C22FD425417B740052AC17 /* AppConstants.swift */; };
		E1C22FE22541BD190052AC17 /* Colors+Extension.swift in Sources */ = {isa = PBXBuildFile; fileRef = E1C22FE12541BD190052AC17 /* Colors+Extension.swift */; };
		E1C22FE72541BD840052AC17 /* DateGeneric.swift in Sources */ = {isa = PBXBuildFile; fileRef = E1C22FE62541BD830052AC17 /* DateGeneric.swift */; };
		E1C22FF02541D8C30052AC17 /* Category.swift in Sources */ = {isa = PBXBuildFile; fileRef = E1C22FEF2541D8C30052AC17 /* Category.swift */; };
		E1C2301225420A540052AC17 /* DetailsItemViewController.swift in Sources */ = {isa = PBXBuildFile; fileRef = E1C2301125420A540052AC17 /* DetailsItemViewController.swift */; };
		E1C2301725420B8B0052AC17 /* DetailsItemViewModel.swift in Sources */ = {isa = PBXBuildFile; fileRef = E1C2301625420B8B0052AC17 /* DetailsItemViewModel.swift */; };
		E1C2303225422FE20052AC17 /* ListItemsCoordinator.swift in Sources */ = {isa = PBXBuildFile; fileRef = E1C2303025422FE10052AC17 /* ListItemsCoordinator.swift */; };
		E1C2303325422FE20052AC17 /* AppCoordinator.swift in Sources */ = {isa = PBXBuildFile; fileRef = E1C2303125422FE20052AC17 /* AppCoordinator.swift */; };
		E1C230A6254236400052AC17 /* DetailsItemCoordinator.swift in Sources */ = {isa = PBXBuildFile; fileRef = E1C230A5254236400052AC17 /* DetailsItemCoordinator.swift */; };
		E1D73DCF25440E44003E8ADA /* TagFlowLayout.swift in Sources */ = {isa = PBXBuildFile; fileRef = E1D73DCE25440E44003E8ADA /* TagFlowLayout.swift */; };
		E1DDF0B22544A1AD00DB1F41 /* SpinnerView.swift in Sources */ = {isa = PBXBuildFile; fileRef = E1DDF0B12544A1AD00DB1F41 /* SpinnerView.swift */; };
		E1DDF0C32544B8CE00DB1F41 /* Reachability.swift in Sources */ = {isa = PBXBuildFile; fileRef = E1DDF0C22544B8CE00DB1F41 /* Reachability.swift */; };
/* End PBXBuildFile section */

/* Begin PBXContainerItemProxy section */
		E11087A92540855000BF38F0 /* PBXContainerItemProxy */ = {
			isa = PBXContainerItemProxy;
			containerPortal = E11087872540854B00BF38F0 /* Project object */;
			proxyType = 1;
			remoteGlobalIDString = E110878E2540854B00BF38F0;
			remoteInfo = CyberMarket;
		};
		E11087B42540855000BF38F0 /* PBXContainerItemProxy */ = {
			isa = PBXContainerItemProxy;
			containerPortal = E11087872540854B00BF38F0 /* Project object */;
			proxyType = 1;
			remoteGlobalIDString = E110878E2540854B00BF38F0;
			remoteInfo = CyberMarket;
		};
/* End PBXContainerItemProxy section */

/* Begin PBXFileReference section */
		E110878F2540854C00BF38F0 /* CyberMarket.app */ = {isa = PBXFileReference; explicitFileType = wrapper.application; includeInIndex = 0; path = CyberMarket.app; sourceTree = BUILT_PRODUCTS_DIR; };
		E11087922540854C00BF38F0 /* AppDelegate.swift */ = {isa = PBXFileReference; lastKnownFileType = sourcecode.swift; path = AppDelegate.swift; sourceTree = "<group>"; };
		E11087942540854C00BF38F0 /* SceneDelegate.swift */ = {isa = PBXFileReference; lastKnownFileType = sourcecode.swift; path = SceneDelegate.swift; sourceTree = "<group>"; };
		E11087962540854C00BF38F0 /* ListItemsViewController.swift */ = {isa = PBXFileReference; lastKnownFileType = sourcecode.swift; path = ListItemsViewController.swift; sourceTree = "<group>"; };
		E110879C2540854C00BF38F0 /* CyberMarket.xcdatamodel */ = {isa = PBXFileReference; lastKnownFileType = wrapper.xcdatamodel; path = CyberMarket.xcdatamodel; sourceTree = "<group>"; };
		E110879E2540854F00BF38F0 /* Assets.xcassets */ = {isa = PBXFileReference; lastKnownFileType = folder.assetcatalog; path = Assets.xcassets; sourceTree = "<group>"; };
		E11087A12540854F00BF38F0 /* Base */ = {isa = PBXFileReference; lastKnownFileType = file.storyboard; name = Base; path = Base.lproj/LaunchScreen.storyboard; sourceTree = "<group>"; };
		E11087A32540854F00BF38F0 /* Info.plist */ = {isa = PBXFileReference; lastKnownFileType = text.plist.xml; path = Info.plist; sourceTree = "<group>"; };
		E11087A82540855000BF38F0 /* CyberMarketTests.xctest */ = {isa = PBXFileReference; explicitFileType = wrapper.cfbundle; includeInIndex = 0; path = CyberMarketTests.xctest; sourceTree = BUILT_PRODUCTS_DIR; };
		E11087AC2540855000BF38F0 /* CyberMarketTests.swift */ = {isa = PBXFileReference; lastKnownFileType = sourcecode.swift; path = CyberMarketTests.swift; sourceTree = "<group>"; };
		E11087AE2540855000BF38F0 /* Info.plist */ = {isa = PBXFileReference; lastKnownFileType = text.plist.xml; path = Info.plist; sourceTree = "<group>"; };
		E11087B32540855000BF38F0 /* CyberMarketUITests.xctest */ = {isa = PBXFileReference; explicitFileType = wrapper.cfbundle; includeInIndex = 0; path = CyberMarketUITests.xctest; sourceTree = BUILT_PRODUCTS_DIR; };
		E11087B72540855000BF38F0 /* CyberMarketUITests.swift */ = {isa = PBXFileReference; lastKnownFileType = sourcecode.swift; path = CyberMarketUITests.swift; sourceTree = "<group>"; };
		E11087B92540855000BF38F0 /* Info.plist */ = {isa = PBXFileReference; lastKnownFileType = text.plist.xml; path = Info.plist; sourceTree = "<group>"; };
		E11087DA25408BC800BF38F0 /* ListViewModel.swift */ = {isa = PBXFileReference; lastKnownFileType = sourcecode.swift; path = ListViewModel.swift; sourceTree = "<group>"; };
		E11087E325408C7400BF38F0 /* ItemCell.swift */ = {isa = PBXFileReference; lastKnownFileType = sourcecode.swift; path = ItemCell.swift; sourceTree = "<group>"; };
		E11087F725408EB200BF38F0 /* Item.swift */ = {isa = PBXFileReference; lastKnownFileType = sourcecode.swift; path = Item.swift; sourceTree = "<group>"; };
		E11087FD254092BD00BF38F0 /* Environment.swift */ = {isa = PBXFileReference; lastKnownFileType = sourcecode.swift; path = Environment.swift; sourceTree = "<group>"; };
		E15D04AE25409C44008DC516 /* Extension.swift */ = {isa = PBXFileReference; fileEncoding = 4; lastKnownFileType = sourcecode.swift; path = Extension.swift; sourceTree = "<group>"; };
		E15D04C32540AAF1008DC516 /* ItemService.swift */ = {isa = PBXFileReference; lastKnownFileType = sourcecode.swift; path = ItemService.swift; sourceTree = "<group>"; };
		E198830C25435B70001F8B55 /* FilterViewController.swift */ = {isa = PBXFileReference; lastKnownFileType = sourcecode.swift; path = FilterViewController.swift; sourceTree = "<group>"; };
		E198831125435C02001F8B55 /* FilterCoordinator.swift */ = {isa = PBXFileReference; lastKnownFileType = sourcecode.swift; path = FilterCoordinator.swift; sourceTree = "<group>"; };
		E198831625435C84001F8B55 /* FilterViewModel.swift */ = {isa = PBXFileReference; lastKnownFileType = sourcecode.swift; path = FilterViewModel.swift; sourceTree = "<group>"; };
		E1A328F6254375A000178177 /* TagViewCell.swift */ = {isa = PBXFileReference; lastKnownFileType = sourcecode.swift; path = TagViewCell.swift; sourceTree = "<group>"; };
		E1C22FCF254170BF0052AC17 /* NavigationBarButton.swift */ = {isa = PBXFileReference; lastKnownFileType = sourcecode.swift; path = NavigationBarButton.swift; sourceTree = "<group>"; };
		E1C22FD425417B740052AC17 /* AppConstants.swift */ = {isa = PBXFileReference; lastKnownFileType = sourcecode.swift; path = AppConstants.swift; sourceTree = "<group>"; };
		E1C22FE12541BD190052AC17 /* Colors+Extension.swift */ = {isa = PBXFileReference; fileEncoding = 4; lastKnownFileType = sourcecode.swift; path = "Colors+Extension.swift"; sourceTree = "<group>"; };
		E1C22FE62541BD830052AC17 /* DateGeneric.swift */ = {isa = PBXFileReference; fileEncoding = 4; lastKnownFileType = sourcecode.swift; path = DateGeneric.swift; sourceTree = "<group>"; };
		E1C22FEF2541D8C30052AC17 /* Category.swift */ = {isa = PBXFileReference; lastKnownFileType = sourcecode.swift; path = Category.swift; sourceTree = "<group>"; };
		E1C2301125420A540052AC17 /* DetailsItemViewController.swift */ = {isa = PBXFileReference; lastKnownFileType = sourcecode.swift; path = DetailsItemViewController.swift; sourceTree = "<group>"; };
		E1C2301625420B8B0052AC17 /* DetailsItemViewModel.swift */ = {isa = PBXFileReference; lastKnownFileType = sourcecode.swift; path = DetailsItemViewModel.swift; sourceTree = "<group>"; };
		E1C2303025422FE10052AC17 /* ListItemsCoordinator.swift */ = {isa = PBXFileReference; fileEncoding = 4; lastKnownFileType = sourcecode.swift; path = ListItemsCoordinator.swift; sourceTree = "<group>"; };
		E1C2303125422FE20052AC17 /* AppCoordinator.swift */ = {isa = PBXFileReference; fileEncoding = 4; lastKnownFileType = sourcecode.swift; path = AppCoordinator.swift; sourceTree = "<group>"; };
		E1C230A5254236400052AC17 /* DetailsItemCoordinator.swift */ = {isa = PBXFileReference; fileEncoding = 4; lastKnownFileType = sourcecode.swift; path = DetailsItemCoordinator.swift; sourceTree = "<group>"; };
		E1D73DCE25440E44003E8ADA /* TagFlowLayout.swift */ = {isa = PBXFileReference; fileEncoding = 4; lastKnownFileType = sourcecode.swift; path = TagFlowLayout.swift; sourceTree = "<group>"; };
		E1DDF0B12544A1AD00DB1F41 /* SpinnerView.swift */ = {isa = PBXFileReference; lastKnownFileType = sourcecode.swift; path = SpinnerView.swift; sourceTree = "<group>"; };
		E1DDF0C22544B8CE00DB1F41 /* Reachability.swift */ = {isa = PBXFileReference; fileEncoding = 4; lastKnownFileType = sourcecode.swift; path = Reachability.swift; sourceTree = "<group>"; };
/* End PBXFileReference section */

/* Begin PBXFrameworksBuildPhase section */
		E110878C2540854B00BF38F0 /* Frameworks */ = {
			isa = PBXFrameworksBuildPhase;
			buildActionMask = 2147483647;
			files = (
			);
			runOnlyForDeploymentPostprocessing = 0;
		};
		E11087A52540855000BF38F0 /* Frameworks */ = {
			isa = PBXFrameworksBuildPhase;
			buildActionMask = 2147483647;
			files = (
			);
			runOnlyForDeploymentPostprocessing = 0;
		};
		E11087B02540855000BF38F0 /* Frameworks */ = {
			isa = PBXFrameworksBuildPhase;
			buildActionMask = 2147483647;
			files = (
			);
			runOnlyForDeploymentPostprocessing = 0;
		};
/* End PBXFrameworksBuildPhase section */

/* Begin PBXGroup section */
		E11087862540854B00BF38F0 = {
			isa = PBXGroup;
			children = (
				E11087912540854C00BF38F0 /* CyberMarket */,
				E11087AB2540855000BF38F0 /* CyberMarketTests */,
				E11087B62540855000BF38F0 /* CyberMarketUITests */,
				E11087902540854C00BF38F0 /* Products */,
			);
			sourceTree = "<group>";
		};
		E11087902540854C00BF38F0 /* Products */ = {
			isa = PBXGroup;
			children = (
				E110878F2540854C00BF38F0 /* CyberMarket.app */,
				E11087A82540855000BF38F0 /* CyberMarketTests.xctest */,
				E11087B32540855000BF38F0 /* CyberMarketUITests.xctest */,
			);
			name = Products;
			sourceTree = "<group>";
		};
		E11087912540854C00BF38F0 /* CyberMarket */ = {
			isa = PBXGroup;
			children = (
				E11087922540854C00BF38F0 /* AppDelegate.swift */,
				E11087942540854C00BF38F0 /* SceneDelegate.swift */,
				E198830B25435B5B001F8B55 /* Filter */,
				E11087D425408B9800BF38F0 /* ListItemModule */,
				E1C2301025420A1F0052AC17 /* DetailsItemModule */,
				E1C22FF42541E4AD0052AC17 /* Coordinator */,
				E1C22FEE2541D8AF0052AC17 /* Model */,
				E15D04B32540A38A008DC516 /* Networking */,
				E11087FC2540927D00BF38F0 /* Constants+Utils */,
				E110879E2540854F00BF38F0 /* Assets.xcassets */,
				E11087A02540854F00BF38F0 /* LaunchScreen.storyboard */,
				E11087A32540854F00BF38F0 /* Info.plist */,
				E110879B2540854C00BF38F0 /* CyberMarket.xcdatamodeld */,
			);
			path = CyberMarket;
			sourceTree = "<group>";
		};
		E11087AB2540855000BF38F0 /* CyberMarketTests */ = {
			isa = PBXGroup;
			children = (
				E11087AC2540855000BF38F0 /* CyberMarketTests.swift */,
				E11087AE2540855000BF38F0 /* Info.plist */,
			);
			path = CyberMarketTests;
			sourceTree = "<group>";
		};
		E11087B62540855000BF38F0 /* CyberMarketUITests */ = {
			isa = PBXGroup;
			children = (
				E11087B72540855000BF38F0 /* CyberMarketUITests.swift */,
				E11087B92540855000BF38F0 /* Info.plist */,
			);
			path = CyberMarketUITests;
			sourceTree = "<group>";
		};
		E11087D425408B9800BF38F0 /* ListItemModule */ = {
			isa = PBXGroup;
			children = (
				E11087E225408C5200BF38F0 /* Cell */,
				E11087962540854C00BF38F0 /* ListItemsViewController.swift */,
				E11087DA25408BC800BF38F0 /* ListViewModel.swift */,
				E1C22FCF254170BF0052AC17 /* NavigationBarButton.swift */,
			);
			path = ListItemModule;
			sourceTree = "<group>";
		};
		E11087E225408C5200BF38F0 /* Cell */ = {
			isa = PBXGroup;
			children = (
				E11087E325408C7400BF38F0 /* ItemCell.swift */,
			);
			path = Cell;
			sourceTree = "<group>";
		};
		E11087FC2540927D00BF38F0 /* Constants+Utils */ = {
			isa = PBXGroup;
			children = (
				E1C22FE62541BD830052AC17 /* DateGeneric.swift */,
				E1C22FE12541BD190052AC17 /* Colors+Extension.swift */,
				E11087FD254092BD00BF38F0 /* Environment.swift */,
				E15D04AE25409C44008DC516 /* Extension.swift */,
				E1C22FD425417B740052AC17 /* AppConstants.swift */,
				E1DDF0B12544A1AD00DB1F41 /* SpinnerView.swift */,
			);
			path = "Constants+Utils";
			sourceTree = "<group>";
		};
		E15D04B32540A38A008DC516 /* Networking */ = {
			isa = PBXGroup;
			children = (
				E1DDF0C22544B8CE00DB1F41 /* Reachability.swift */,
				E15D04C32540AAF1008DC516 /* ItemService.swift */,
			);
			path = Networking;
			sourceTree = "<group>";
		};
		E198830B25435B5B001F8B55 /* Filter */ = {
			isa = PBXGroup;
			children = (
				E1D73DCE25440E44003E8ADA /* TagFlowLayout.swift */,
				E198830C25435B70001F8B55 /* FilterViewController.swift */,
				E198831625435C84001F8B55 /* FilterViewModel.swift */,
				E1A328F6254375A000178177 /* TagViewCell.swift */,
			);
			path = Filter;
			sourceTree = "<group>";
		};
		E1C22FEE2541D8AF0052AC17 /* Model */ = {
			isa = PBXGroup;
			children = (
				E11087F725408EB200BF38F0 /* Item.swift */,
				E1C22FEF2541D8C30052AC17 /* Category.swift */,
			);
			path = Model;
			sourceTree = "<group>";
		};
		E1C22FF42541E4AD0052AC17 /* Coordinator */ = {
			isa = PBXGroup;
			children = (
				E1C2303125422FE20052AC17 /* AppCoordinator.swift */,
				E1C2303025422FE10052AC17 /* ListItemsCoordinator.swift */,
				E1C230A5254236400052AC17 /* DetailsItemCoordinator.swift */,
				E198831125435C02001F8B55 /* FilterCoordinator.swift */,
			);
			path = Coordinator;
			sourceTree = "<group>";
		};
		E1C2301025420A1F0052AC17 /* DetailsItemModule */ = {
			isa = PBXGroup;
			children = (
				E1C2301125420A540052AC17 /* DetailsItemViewController.swift */,
				E1C2301625420B8B0052AC17 /* DetailsItemViewModel.swift */,
			);
			path = DetailsItemModule;
			sourceTree = "<group>";
		};
/* End PBXGroup section */

/* Begin PBXNativeTarget section */
		E110878E2540854B00BF38F0 /* CyberMarket */ = {
			isa = PBXNativeTarget;
			buildConfigurationList = E11087BC2540855000BF38F0 /* Build configuration list for PBXNativeTarget "CyberMarket" */;
			buildPhases = (
				E110878B2540854B00BF38F0 /* Sources */,
				E110878C2540854B00BF38F0 /* Frameworks */,
				E110878D2540854B00BF38F0 /* Resources */,
			);
			buildRules = (
			);
			dependencies = (
			);
			name = CyberMarket;
			productName = CyberMarket;
			productReference = E110878F2540854C00BF38F0 /* CyberMarket.app */;
			productType = "com.apple.product-type.application";
		};
		E11087A72540855000BF38F0 /* CyberMarketTests */ = {
			isa = PBXNativeTarget;
			buildConfigurationList = E11087BF2540855000BF38F0 /* Build configuration list for PBXNativeTarget "CyberMarketTests" */;
			buildPhases = (
				E11087A42540855000BF38F0 /* Sources */,
				E11087A52540855000BF38F0 /* Frameworks */,
				E11087A62540855000BF38F0 /* Resources */,
			);
			buildRules = (
			);
			dependencies = (
				E11087AA2540855000BF38F0 /* PBXTargetDependency */,
			);
			name = CyberMarketTests;
			productName = CyberMarketTests;
			productReference = E11087A82540855000BF38F0 /* CyberMarketTests.xctest */;
			productType = "com.apple.product-type.bundle.unit-test";
		};
		E11087B22540855000BF38F0 /* CyberMarketUITests */ = {
			isa = PBXNativeTarget;
			buildConfigurationList = E11087C22540855000BF38F0 /* Build configuration list for PBXNativeTarget "CyberMarketUITests" */;
			buildPhases = (
				E11087AF2540855000BF38F0 /* Sources */,
				E11087B02540855000BF38F0 /* Frameworks */,
				E11087B12540855000BF38F0 /* Resources */,
			);
			buildRules = (
			);
			dependencies = (
				E11087B52540855000BF38F0 /* PBXTargetDependency */,
			);
			name = CyberMarketUITests;
			productName = CyberMarketUITests;
			productReference = E11087B32540855000BF38F0 /* CyberMarketUITests.xctest */;
			productType = "com.apple.product-type.bundle.ui-testing";
		};
/* End PBXNativeTarget section */

/* Begin PBXProject section */
		E11087872540854B00BF38F0 /* Project object */ = {
			isa = PBXProject;
			attributes = {
				LastSwiftUpdateCheck = 1200;
				LastUpgradeCheck = 1200;
				TargetAttributes = {
					E110878E2540854B00BF38F0 = {
						CreatedOnToolsVersion = 12.0.1;
					};
					E11087A72540855000BF38F0 = {
						CreatedOnToolsVersion = 12.0.1;
						TestTargetID = E110878E2540854B00BF38F0;
					};
					E11087B22540855000BF38F0 = {
						CreatedOnToolsVersion = 12.0.1;
						TestTargetID = E110878E2540854B00BF38F0;
					};
				};
			};
			buildConfigurationList = E110878A2540854B00BF38F0 /* Build configuration list for PBXProject "CyberMarket" */;
			compatibilityVersion = "Xcode 9.3";
			developmentRegion = en;
			hasScannedForEncodings = 0;
			knownRegions = (
				en,
				Base,
			);
			mainGroup = E11087862540854B00BF38F0;
			productRefGroup = E11087902540854C00BF38F0 /* Products */;
			projectDirPath = "";
			projectRoot = "";
			targets = (
				E110878E2540854B00BF38F0 /* CyberMarket */,
				E11087A72540855000BF38F0 /* CyberMarketTests */,
				E11087B22540855000BF38F0 /* CyberMarketUITests */,
			);
		};
/* End PBXProject section */

/* Begin PBXResourcesBuildPhase section */
		E110878D2540854B00BF38F0 /* Resources */ = {
			isa = PBXResourcesBuildPhase;
			buildActionMask = 2147483647;
			files = (
				E11087A22540854F00BF38F0 /* LaunchScreen.storyboard in Resources */,
				E110879F2540854F00BF38F0 /* Assets.xcassets in Resources */,
			);
			runOnlyForDeploymentPostprocessing = 0;
		};
		E11087A62540855000BF38F0 /* Resources */ = {
			isa = PBXResourcesBuildPhase;
			buildActionMask = 2147483647;
			files = (
			);
			runOnlyForDeploymentPostprocessing = 0;
		};
		E11087B12540855000BF38F0 /* Resources */ = {
			isa = PBXResourcesBuildPhase;
			buildActionMask = 2147483647;
			files = (
			);
			runOnlyForDeploymentPostprocessing = 0;
		};
/* End PBXResourcesBuildPhase section */

/* Begin PBXSourcesBuildPhase section */
		E110878B2540854B00BF38F0 /* Sources */ = {
			isa = PBXSourcesBuildPhase;
			buildActionMask = 2147483647;
			files = (
				E198831225435C02001F8B55 /* FilterCoordinator.swift in Sources */,
				E1D73DCF25440E44003E8ADA /* TagFlowLayout.swift in Sources */,
				E15D04C42540AAF1008DC516 /* ItemService.swift in Sources */,
				E11087972540854C00BF38F0 /* ListItemsViewController.swift in Sources */,
				E1C2303225422FE20052AC17 /* ListItemsCoordinator.swift in Sources */,
				E1DDF0C32544B8CE00DB1F41 /* Reachability.swift in Sources */,
				E1C2301225420A540052AC17 /* DetailsItemViewController.swift in Sources */,
				E11087F825408EB200BF38F0 /* Item.swift in Sources */,
				E1C22FE22541BD190052AC17 /* Colors+Extension.swift in Sources */,
				E110879D2540854C00BF38F0 /* CyberMarket.xcdatamodeld in Sources */,
				E11087DB25408BC800BF38F0 /* ListViewModel.swift in Sources */,
				E1C22FD0254170BF0052AC17 /* NavigationBarButton.swift in Sources */,
				E198831725435C84001F8B55 /* FilterViewModel.swift in Sources */,
				E1C2301725420B8B0052AC17 /* DetailsItemViewModel.swift in Sources */,
				E1C22FF02541D8C30052AC17 /* Category.swift in Sources */,
				E1C2303325422FE20052AC17 /* AppCoordinator.swift in Sources */,
				E15D04AF25409C44008DC516 /* Extension.swift in Sources */,
				E1C22FD525417B740052AC17 /* AppConstants.swift in Sources */,
				E11087E425408C7400BF38F0 /* ItemCell.swift in Sources */,
				E198830D25435B70001F8B55 /* FilterViewController.swift in Sources */,
				E11087932540854C00BF38F0 /* AppDelegate.swift in Sources */,
				E1C22FE72541BD840052AC17 /* DateGeneric.swift in Sources */,
				E11087952540854C00BF38F0 /* SceneDelegate.swift in Sources */,
				E1C230A6254236400052AC17 /* DetailsItemCoordinator.swift in Sources */,
				E11087FE254092BD00BF38F0 /* Environment.swift in Sources */,
				E1DDF0B22544A1AD00DB1F41 /* SpinnerView.swift in Sources */,
				E1A328F7254375A000178177 /* TagViewCell.swift in Sources */,
			);
			runOnlyForDeploymentPostprocessing = 0;
		};
		E11087A42540855000BF38F0 /* Sources */ = {
			isa = PBXSourcesBuildPhase;
			buildActionMask = 2147483647;
			files = (
				E11087AD2540855000BF38F0 /* CyberMarketTests.swift in Sources */,
			);
			runOnlyForDeploymentPostprocessing = 0;
		};
		E11087AF2540855000BF38F0 /* Sources */ = {
			isa = PBXSourcesBuildPhase;
			buildActionMask = 2147483647;
			files = (
				E11087B82540855000BF38F0 /* CyberMarketUITests.swift in Sources */,
			);
			runOnlyForDeploymentPostprocessing = 0;
		};
/* End PBXSourcesBuildPhase section */

/* Begin PBXTargetDependency section */
		E11087AA2540855000BF38F0 /* PBXTargetDependency */ = {
			isa = PBXTargetDependency;
			target = E110878E2540854B00BF38F0 /* CyberMarket */;
			targetProxy = E11087A92540855000BF38F0 /* PBXContainerItemProxy */;
		};
		E11087B52540855000BF38F0 /* PBXTargetDependency */ = {
			isa = PBXTargetDependency;
			target = E110878E2540854B00BF38F0 /* CyberMarket */;
			targetProxy = E11087B42540855000BF38F0 /* PBXContainerItemProxy */;
		};
/* End PBXTargetDependency section */

/* Begin PBXVariantGroup section */
		E11087A02540854F00BF38F0 /* LaunchScreen.storyboard */ = {
			isa = PBXVariantGroup;
			children = (
				E11087A12540854F00BF38F0 /* Base */,
			);
			name = LaunchScreen.storyboard;
			sourceTree = "<group>";
		};
/* End PBXVariantGroup section */

/* Begin XCBuildConfiguration section */
		E11087BA2540855000BF38F0 /* Debug */ = {
			isa = XCBuildConfiguration;
			buildSettings = {
				ALWAYS_SEARCH_USER_PATHS = NO;
				CLANG_ANALYZER_NONNULL = YES;
				CLANG_ANALYZER_NUMBER_OBJECT_CONVERSION = YES_AGGRESSIVE;
				CLANG_CXX_LANGUAGE_STANDARD = "gnu++14";
				CLANG_CXX_LIBRARY = "libc++";
				CLANG_ENABLE_MODULES = YES;
				CLANG_ENABLE_OBJC_ARC = YES;
				CLANG_ENABLE_OBJC_WEAK = YES;
				CLANG_WARN_BLOCK_CAPTURE_AUTORELEASING = YES;
				CLANG_WARN_BOOL_CONVERSION = YES;
				CLANG_WARN_COMMA = YES;
				CLANG_WARN_CONSTANT_CONVERSION = YES;
				CLANG_WARN_DEPRECATED_OBJC_IMPLEMENTATIONS = YES;
				CLANG_WARN_DIRECT_OBJC_ISA_USAGE = YES_ERROR;
				CLANG_WARN_DOCUMENTATION_COMMENTS = YES;
				CLANG_WARN_EMPTY_BODY = YES;
				CLANG_WARN_ENUM_CONVERSION = YES;
				CLANG_WARN_INFINITE_RECURSION = YES;
				CLANG_WARN_INT_CONVERSION = YES;
				CLANG_WARN_NON_LITERAL_NULL_CONVERSION = YES;
				CLANG_WARN_OBJC_IMPLICIT_RETAIN_SELF = YES;
				CLANG_WARN_OBJC_LITERAL_CONVERSION = YES;
				CLANG_WARN_OBJC_ROOT_CLASS = YES_ERROR;
				CLANG_WARN_QUOTED_INCLUDE_IN_FRAMEWORK_HEADER = YES;
				CLANG_WARN_RANGE_LOOP_ANALYSIS = YES;
				CLANG_WARN_STRICT_PROTOTYPES = YES;
				CLANG_WARN_SUSPICIOUS_MOVE = YES;
				CLANG_WARN_UNGUARDED_AVAILABILITY = YES_AGGRESSIVE;
				CLANG_WARN_UNREACHABLE_CODE = YES;
				CLANG_WARN__DUPLICATE_METHOD_MATCH = YES;
				COPY_PHASE_STRIP = NO;
				DEBUG_INFORMATION_FORMAT = dwarf;
				ENABLE_STRICT_OBJC_MSGSEND = YES;
				ENABLE_TESTABILITY = YES;
				GCC_C_LANGUAGE_STANDARD = gnu11;
				GCC_DYNAMIC_NO_PIC = NO;
				GCC_NO_COMMON_BLOCKS = YES;
				GCC_OPTIMIZATION_LEVEL = 0;
				GCC_PREPROCESSOR_DEFINITIONS = (
					"DEBUG=1",
					"$(inherited)",
				);
				GCC_WARN_64_TO_32_BIT_CONVERSION = YES;
				GCC_WARN_ABOUT_RETURN_TYPE = YES_ERROR;
				GCC_WARN_UNDECLARED_SELECTOR = YES;
				GCC_WARN_UNINITIALIZED_AUTOS = YES_AGGRESSIVE;
				GCC_WARN_UNUSED_FUNCTION = YES;
				GCC_WARN_UNUSED_VARIABLE = YES;
				IPHONEOS_DEPLOYMENT_TARGET = 14.0;
				MTL_ENABLE_DEBUG_INFO = INCLUDE_SOURCE;
				MTL_FAST_MATH = YES;
				ONLY_ACTIVE_ARCH = YES;
				SDKROOT = iphoneos;
				SWIFT_ACTIVE_COMPILATION_CONDITIONS = DEBUG;
				SWIFT_OPTIMIZATION_LEVEL = "-Onone";
			};
			name = Debug;
		};
		E11087BB2540855000BF38F0 /* Release */ = {
			isa = XCBuildConfiguration;
			buildSettings = {
				ALWAYS_SEARCH_USER_PATHS = NO;
				CLANG_ANALYZER_NONNULL = YES;
				CLANG_ANALYZER_NUMBER_OBJECT_CONVERSION = YES_AGGRESSIVE;
				CLANG_CXX_LANGUAGE_STANDARD = "gnu++14";
				CLANG_CXX_LIBRARY = "libc++";
				CLANG_ENABLE_MODULES = YES;
				CLANG_ENABLE_OBJC_ARC = YES;
				CLANG_ENABLE_OBJC_WEAK = YES;
				CLANG_WARN_BLOCK_CAPTURE_AUTORELEASING = YES;
				CLANG_WARN_BOOL_CONVERSION = YES;
				CLANG_WARN_COMMA = YES;
				CLANG_WARN_CONSTANT_CONVERSION = YES;
				CLANG_WARN_DEPRECATED_OBJC_IMPLEMENTATIONS = YES;
				CLANG_WARN_DIRECT_OBJC_ISA_USAGE = YES_ERROR;
				CLANG_WARN_DOCUMENTATION_COMMENTS = YES;
				CLANG_WARN_EMPTY_BODY = YES;
				CLANG_WARN_ENUM_CONVERSION = YES;
				CLANG_WARN_INFINITE_RECURSION = YES;
				CLANG_WARN_INT_CONVERSION = YES;
				CLANG_WARN_NON_LITERAL_NULL_CONVERSION = YES;
				CLANG_WARN_OBJC_IMPLICIT_RETAIN_SELF = YES;
				CLANG_WARN_OBJC_LITERAL_CONVERSION = YES;
				CLANG_WARN_OBJC_ROOT_CLASS = YES_ERROR;
				CLANG_WARN_QUOTED_INCLUDE_IN_FRAMEWORK_HEADER = YES;
				CLANG_WARN_RANGE_LOOP_ANALYSIS = YES;
				CLANG_WARN_STRICT_PROTOTYPES = YES;
				CLANG_WARN_SUSPICIOUS_MOVE = YES;
				CLANG_WARN_UNGUARDED_AVAILABILITY = YES_AGGRESSIVE;
				CLANG_WARN_UNREACHABLE_CODE = YES;
				CLANG_WARN__DUPLICATE_METHOD_MATCH = YES;
				COPY_PHASE_STRIP = NO;
				DEBUG_INFORMATION_FORMAT = "dwarf-with-dsym";
				ENABLE_NS_ASSERTIONS = NO;
				ENABLE_STRICT_OBJC_MSGSEND = YES;
				GCC_C_LANGUAGE_STANDARD = gnu11;
				GCC_NO_COMMON_BLOCKS = YES;
				GCC_WARN_64_TO_32_BIT_CONVERSION = YES;
				GCC_WARN_ABOUT_RETURN_TYPE = YES_ERROR;
				GCC_WARN_UNDECLARED_SELECTOR = YES;
				GCC_WARN_UNINITIALIZED_AUTOS = YES_AGGRESSIVE;
				GCC_WARN_UNUSED_FUNCTION = YES;
				GCC_WARN_UNUSED_VARIABLE = YES;
				IPHONEOS_DEPLOYMENT_TARGET = 14.0;
				MTL_ENABLE_DEBUG_INFO = NO;
				MTL_FAST_MATH = YES;
				SDKROOT = iphoneos;
				SWIFT_COMPILATION_MODE = wholemodule;
				SWIFT_OPTIMIZATION_LEVEL = "-O";
				VALIDATE_PRODUCT = YES;
			};
			name = Release;
		};
		E11087BD2540855000BF38F0 /* Debug */ = {
			isa = XCBuildConfiguration;
			buildSettings = {
				ASSETCATALOG_COMPILER_APPICON_NAME = AppIcon;
				ASSETCATALOG_COMPILER_GLOBAL_ACCENT_COLOR_NAME = AccentColor;
				CODE_SIGN_STYLE = Automatic;
				DEVELOPMENT_TEAM = 5MEA78ZYGH;
				INFOPLIST_FILE = CyberMarket/Info.plist;
				IPHONEOS_DEPLOYMENT_TARGET = 11.0;
				LD_RUNPATH_SEARCH_PATHS = (
					"$(inherited)",
					"@executable_path/Frameworks",
				);
				PRODUCT_BUNDLE_IDENTIFIER = com.messadi.CyberMarket;
				PRODUCT_NAME = "$(TARGET_NAME)";
				SWIFT_VERSION = 5.0;
				TARGETED_DEVICE_FAMILY = "1,2";
			};
			name = Debug;
		};
		E11087BE2540855000BF38F0 /* Release */ = {
			isa = XCBuildConfiguration;
			buildSettings = {
				ASSETCATALOG_COMPILER_APPICON_NAME = AppIcon;
				ASSETCATALOG_COMPILER_GLOBAL_ACCENT_COLOR_NAME = AccentColor;
				CODE_SIGN_STYLE = Automatic;
				DEVELOPMENT_TEAM = 5MEA78ZYGH;
				INFOPLIST_FILE = CyberMarket/Info.plist;
				IPHONEOS_DEPLOYMENT_TARGET = 11.0;
				LD_RUNPATH_SEARCH_PATHS = (
					"$(inherited)",
					"@executable_path/Frameworks",
				);
				PRODUCT_BUNDLE_IDENTIFIER = com.messadi.CyberMarket;
				PRODUCT_NAME = "$(TARGET_NAME)";
				SWIFT_VERSION = 5.0;
				TARGETED_DEVICE_FAMILY = "1,2";
			};
			name = Release;
		};
		E11087C02540855000BF38F0 /* Debug */ = {
			isa = XCBuildConfiguration;
			buildSettings = {
				ALWAYS_EMBED_SWIFT_STANDARD_LIBRARIES = YES;
				BUNDLE_LOADER = "$(TEST_HOST)";
				CODE_SIGN_STYLE = Automatic;
				DEVELOPMENT_TEAM = 5MEA78ZYGH;
				INFOPLIST_FILE = CyberMarketTests/Info.plist;
				IPHONEOS_DEPLOYMENT_TARGET = 14.0;
				LD_RUNPATH_SEARCH_PATHS = (
					"$(inherited)",
					"@executable_path/Frameworks",
					"@loader_path/Frameworks",
				);
				PRODUCT_BUNDLE_IDENTIFIER = com.messadi.CyberMarketTests;
				PRODUCT_NAME = "$(TARGET_NAME)";
				SWIFT_VERSION = 5.0;
				TARGETED_DEVICE_FAMILY = "1,2";
				TEST_HOST = "$(BUILT_PRODUCTS_DIR)/CyberMarket.app/CyberMarket";
			};
			name = Debug;
		};
		E11087C12540855000BF38F0 /* Release */ = {
			isa = XCBuildConfiguration;
			buildSettings = {
				ALWAYS_EMBED_SWIFT_STANDARD_LIBRARIES = YES;
				BUNDLE_LOADER = "$(TEST_HOST)";
				CODE_SIGN_STYLE = Automatic;
				DEVELOPMENT_TEAM = 5MEA78ZYGH;
				INFOPLIST_FILE = CyberMarketTests/Info.plist;
				IPHONEOS_DEPLOYMENT_TARGET = 14.0;
				LD_RUNPATH_SEARCH_PATHS = (
					"$(inherited)",
					"@executable_path/Frameworks",
					"@loader_path/Frameworks",
				);
				PRODUCT_BUNDLE_IDENTIFIER = com.messadi.CyberMarketTests;
				PRODUCT_NAME = "$(TARGET_NAME)";
				SWIFT_VERSION = 5.0;
				TARGETED_DEVICE_FAMILY = "1,2";
				TEST_HOST = "$(BUILT_PRODUCTS_DIR)/CyberMarket.app/CyberMarket";
			};
			name = Release;
		};
		E11087C32540855000BF38F0 /* Debug */ = {
			isa = XCBuildConfiguration;
			buildSettings = {
				ALWAYS_EMBED_SWIFT_STANDARD_LIBRARIES = YES;
				CODE_SIGN_STYLE = Automatic;
				DEVELOPMENT_TEAM = 5MEA78ZYGH;
				INFOPLIST_FILE = CyberMarketUITests/Info.plist;
				LD_RUNPATH_SEARCH_PATHS = (
					"$(inherited)",
					"@executable_path/Frameworks",
					"@loader_path/Frameworks",
				);
				PRODUCT_BUNDLE_IDENTIFIER = com.messadi.CyberMarketUITests;
				PRODUCT_NAME = "$(TARGET_NAME)";
				SWIFT_VERSION = 5.0;
				TARGETED_DEVICE_FAMILY = "1,2";
				TEST_TARGET_NAME = CyberMarket;
			};
			name = Debug;
		};
		E11087C42540855000BF38F0 /* Release */ = {
			isa = XCBuildConfiguration;
			buildSettings = {
				ALWAYS_EMBED_SWIFT_STANDARD_LIBRARIES = YES;
				CODE_SIGN_STYLE = Automatic;
				DEVELOPMENT_TEAM = 5MEA78ZYGH;
				INFOPLIST_FILE = CyberMarketUITests/Info.plist;
				LD_RUNPATH_SEARCH_PATHS = (
					"$(inherited)",
					"@executable_path/Frameworks",
					"@loader_path/Frameworks",
				);
				PRODUCT_BUNDLE_IDENTIFIER = com.messadi.CyberMarketUITests;
				PRODUCT_NAME = "$(TARGET_NAME)";
				SWIFT_VERSION = 5.0;
				TARGETED_DEVICE_FAMILY = "1,2";
				TEST_TARGET_NAME = CyberMarket;
			};
			name = Release;
		};
/* End XCBuildConfiguration section */

/* Begin XCConfigurationList section */
		E110878A2540854B00BF38F0 /* Build configuration list for PBXProject "CyberMarket" */ = {
			isa = XCConfigurationList;
			buildConfigurations = (
				E11087BA2540855000BF38F0 /* Debug */,
				E11087BB2540855000BF38F0 /* Release */,
			);
			defaultConfigurationIsVisible = 0;
			defaultConfigurationName = Release;
		};
		E11087BC2540855000BF38F0 /* Build configuration list for PBXNativeTarget "CyberMarket" */ = {
			isa = XCConfigurationList;
			buildConfigurations = (
				E11087BD2540855000BF38F0 /* Debug */,
				E11087BE2540855000BF38F0 /* Release */,
			);
			defaultConfigurationIsVisible = 0;
			defaultConfigurationName = Release;
		};
		E11087BF2540855000BF38F0 /* Build configuration list for PBXNativeTarget "CyberMarketTests" */ = {
			isa = XCConfigurationList;
			buildConfigurations = (
				E11087C02540855000BF38F0 /* Debug */,
				E11087C12540855000BF38F0 /* Release */,
			);
			defaultConfigurationIsVisible = 0;
			defaultConfigurationName = Release;
		};
		E11087C22540855000BF38F0 /* Build configuration list for PBXNativeTarget "CyberMarketUITests" */ = {
			isa = XCConfigurationList;
			buildConfigurations = (
				E11087C32540855000BF38F0 /* Debug */,
				E11087C42540855000BF38F0 /* Release */,
			);
			defaultConfigurationIsVisible = 0;
			defaultConfigurationName = Release;
		};
/* End XCConfigurationList section */

/* Begin XCVersionGroup section */
		E110879B2540854C00BF38F0 /* CyberMarket.xcdatamodeld */ = {
			isa = XCVersionGroup;
			children = (
				E110879C2540854C00BF38F0 /* CyberMarket.xcdatamodel */,
			);
			currentVersion = E110879C2540854C00BF38F0 /* CyberMarket.xcdatamodel */;
			path = CyberMarket.xcdatamodeld;
			sourceTree = "<group>";
			versionGroupType = wrapper.xcdatamodel;
		};
/* End XCVersionGroup section */
	};
	rootObject = E11087872540854B00BF38F0 /* Project object */;
}
